git.apache.org/thrift.git v0.0.0-20141105021220-591e20f9636c h1:8Z1BqdpEgzGJNfAhMtW8SP/zdw6uoLLJZSSALQcCuak=
git.apache.org/thrift.git v0.0.0-20141105021220-591e20f9636c/go.mod h1:fPE2ZNJGynbRyZ4dJvy6G277gSllfV2HJqblrnkyeyg=
git.apache.org/thrift.git v0.14.1 h1:CxeK8BByOmSzpc6AWXiiR6ZBAF+jMGEwq0WSrMfVdFw=
git.apache.org/thrift.git v0.14.1/go.mod h1:fPE2ZNJGynbRyZ4dJvy6G277gSllfV2HJqblrnkyeyg=
